
Microsoft Visual Studio Solution File, Format Version 12.00
# Visual Studio 15
VisualStudioVersion = 15.0.28307.102
MinimumVisualStudioVersion = 10.0.40219.1
Project("{FAE04EC0-301F-11D3-BF4B-00C04F79EFBC}") = "Passport", "Passport\Passport.csproj", "{D5C510F9-C63C-480A-A637-45DB8F394147}"
EndProject
Global
	GlobalSection(SolutionConfigurationPlatforms) = preSolution
		Debug|Any CPU = Debug|Any CPU
		Release|Any CPU = Release|Any CPU
	EndGlobalSection
	GlobalSection(ProjectConfigurationPlatforms) = postSolution
		{D5C510F9-C63C-480A-A637-45DB8F394147}.Debug|Any CPU.ActiveCfg = Debug|Any CPU
		{D5C510F9-C63C-480A-A637-45DB8F394147}.Debug|Any CPU.Build.0 = Debug|Any CPU
		{D5C510F9-C63C-480A-A637-45DB8F394147}.Release|Any CPU.ActiveCfg = Release|Any CPU
		{D5C510F9-C63C-480A-A637-45DB8F394147}.Release|Any CPU.Build.0 = Release|Any CPU
	EndGlobalSection
	GlobalSection(SolutionProperties) = preSolution
		HideSolutionNode = FALSE
	EndGlobalSection
	GlobalSection(ExtensibilityGlobals) = postSolution
		SolutionGuid = {0F90B71D-7AE0-4956-BF0D-502508BDB1B6}
	EndGlobalSection
EndGlobal
